
Microsoft Visual Studio Solution File, Format Version 12.00
# Visual Studio Version 17
VisualStudioVersion = 17.1.32319.34
MinimumVisualStudioVersion = 10.0.40219.1
Project("{9A19103F-16F7-4668-BE54-9A1E7A4F7556}") = "mdl_core", "mdl_core.csproj", "{2071E700-0DE8-4F48-8C4D-8D5F7DDF2835}"
EndProject
Project("{9A19103F-16F7-4668-BE54-9A1E7A4F7556}") = "mdl", "..\mdl\mdl.csproj", "{B88967BB-6638-4636-B1C4-F79D715E7239}"
EndProject
Project("{9A19103F-16F7-4668-BE54-9A1E7A4F7556}") = "mdl_language", "..\mdl_language\mdl_language.csproj", "{4E45E243-3824-4B8A-91A6-75554799C724}"
EndProject
Project("{9A19103F-16F7-4668-BE54-9A1E7A4F7556}") = "mdl_utils", "..\mdl_utils\mdl_utils.csproj", "{A812EDF0-D486-4420-973F-9D7AF3773EB0}"
EndProject
Project("{9A19103F-16F7-4668-BE54-9A1E7A4F7556}") = "TestNetCore", "..\TestNetCore\TestNetCore.csproj", "{36FE1417-1251-40FC-82EF-668A9CA32139}"
EndProject
Project("{2150E333-8FDC-42A3-9474-1A3956D46DE8}") = "Solution Items", "Solution Items", "{EA53DF5F-F548-47BC-B8EA-F69B615C1EF7}"
	ProjectSection(SolutionItems) = preProject
		.editorconfig = .editorconfig
		..\DataAccess.md = ..\DataAccess.md
		..\DbDescriptor.md = ..\DbDescriptor.md
		..\DbDriver.md = ..\DbDriver.md
		..\GetData.md = ..\GetData.md
		..\MetaData.md = ..\MetaData.md
		..\MetaExpression.md = ..\MetaExpression.md
		..\MetaTable.md = ..\MetaTable.md
		..\PostData.md = ..\PostData.md
		..\QueryHelper.md = ..\QueryHelper.md
		..\readme.md = ..\readme.md
		..\Security.md = ..\Security.md
	EndProjectSection
EndProject
Global
	GlobalSection(SolutionConfigurationPlatforms) = preSolution
		Debug|Any CPU = Debug|Any CPU
		Release|Any CPU = Release|Any CPU
	EndGlobalSection
	GlobalSection(ProjectConfigurationPlatforms) = postSolution
		{2071E700-0DE8-4F48-8C4D-8D5F7DDF2835}.Debug|Any CPU.ActiveCfg = Debug|Any CPU
		{2071E700-0DE8-4F48-8C4D-8D5F7DDF2835}.Debug|Any CPU.Build.0 = Debug|Any CPU
		{2071E700-0DE8-4F48-8C4D-8D5F7DDF2835}.Release|Any CPU.ActiveCfg = Release|Any CPU
		{2071E700-0DE8-4F48-8C4D-8D5F7DDF2835}.Release|Any CPU.Build.0 = Release|Any CPU
		{B88967BB-6638-4636-B1C4-F79D715E7239}.Debug|Any CPU.ActiveCfg = Debug|Any CPU
		{B88967BB-6638-4636-B1C4-F79D715E7239}.Debug|Any CPU.Build.0 = Debug|Any CPU
		{B88967BB-6638-4636-B1C4-F79D715E7239}.Release|Any CPU.ActiveCfg = Release|Any CPU
		{B88967BB-6638-4636-B1C4-F79D715E7239}.Release|Any CPU.Build.0 = Release|Any CPU
		{4E45E243-3824-4B8A-91A6-75554799C724}.Debug|Any CPU.ActiveCfg = Debug|Any CPU
		{4E45E243-3824-4B8A-91A6-75554799C724}.Debug|Any CPU.Build.0 = Debug|Any CPU
		{4E45E243-3824-4B8A-91A6-75554799C724}.Release|Any CPU.ActiveCfg = Release|Any CPU
		{4E45E243-3824-4B8A-91A6-75554799C724}.Release|Any CPU.Build.0 = Release|Any CPU
		{A812EDF0-D486-4420-973F-9D7AF3773EB0}.Debug|Any CPU.ActiveCfg = Debug|Any CPU
		{A812EDF0-D486-4420-973F-9D7AF3773EB0}.Debug|Any CPU.Build.0 = Debug|Any CPU
		{A812EDF0-D486-4420-973F-9D7AF3773EB0}.Release|Any CPU.ActiveCfg = Release|Any CPU
		{A812EDF0-D486-4420-973F-9D7AF3773EB0}.Release|Any CPU.Build.0 = Release|Any CPU
		{36FE1417-1251-40FC-82EF-668A9CA32139}.Debug|Any CPU.ActiveCfg = Debug|Any CPU
		{36FE1417-1251-40FC-82EF-668A9CA32139}.Debug|Any CPU.Build.0 = Debug|Any CPU
		{36FE1417-1251-40FC-82EF-668A9CA32139}.Release|Any CPU.ActiveCfg = Release|Any CPU
		{36FE1417-1251-40FC-82EF-668A9CA32139}.Release|Any CPU.Build.0 = Release|Any CPU
	EndGlobalSection
	GlobalSection(SolutionProperties) = preSolution
		HideSolutionNode = FALSE
	EndGlobalSection
	GlobalSection(ExtensibilityGlobals) = postSolution
		SolutionGuid = {8DEBC92E-7373-49B4-933F-D1DB4DA8CB83}
	EndGlobalSection
EndGlobal
